
Microsoft Visual Studio Solution File, Format Version 12.00
# Visual Studio 15
Project("{FAE04EC0-301F-11D3-BF4B-00C04F79EFBC}") = "Unity.Timeline", "Unity.Timeline.csproj", "{EA205400-8DE7-F455-A205-FA0FA4CAD8B0}"
EndProject
Project("{FAE04EC0-301F-11D3-BF4B-00C04F79EFBC}") = "Unity.PlasticSCM.Editor", "Unity.PlasticSCM.Editor.csproj", "{83F6322B-F0CC-4A4B-7455-95497B94E04D}"
EndProject
Project("{FAE04EC0-301F-11D3-BF4B-00C04F79EFBC}") = "Unity.InputSystem", "Unity.InputSystem.csproj", "{909ACE87-2CA7-7AED-3DB7-B25ACB364FF4}"
EndProject
Project("{FAE04EC0-301F-11D3-BF4B-00C04F79EFBC}") = "Unity.VisualScripting.Flow", "Unity.VisualScripting.Flow.csproj", "{DF224356-B1A2-A1F3-4DD8-618B4FB07162}"
EndProject
Project("{FAE04EC0-301F-11D3-BF4B-00C04F79EFBC}") = "Unity.Timeline.Editor", "Unity.Timeline.Editor.csproj", "{B1198CD5-08CD-CA5D-1038-BACAE3932ED4}"
EndProject
Project("{FAE04EC0-301F-11D3-BF4B-00C04F79EFBC}") = "Unity.Multiplayer.Center.Editor", "Unity.Multiplayer.Center.Editor.csproj", "{ECC6864D-E7A1-5CEE-A0F7-393B39ADE25A}"
EndProject
Project("{FAE04EC0-301F-11D3-BF4B-00C04F79EFBC}") = "Unity.VisualScripting.Core.Editor", "Unity.VisualScripting.Core.Editor.csproj", "{33A75FCC-F2CC-D0CC-1E63-17EF73FEFC50}"
EndProject
Project("{FAE04EC0-301F-11D3-BF4B-00C04F79EFBC}") = "UnityEngine.UI", "UnityEngine.UI.csproj", "{171CE8FC-9F77-7C8F-271A-833E561766D4}"
EndProject
Project("{FAE04EC0-301F-11D3-BF4B-00C04F79EFBC}") = "UnityEditor.TestRunner", "UnityEditor.TestRunner.csproj", "{3B7A1FCF-B7A0-4D24-0A7E-779FD0D00EEC}"
EndProject
Project("{FAE04EC0-301F-11D3-BF4B-00C04F79EFBC}") = "UnityEngine.TestRunner", "UnityEngine.TestRunner.csproj", "{A69944F1-1B5F-CCF2-2777-85D8A09F8310}"
EndProject
Project("{FAE04EC0-301F-11D3-BF4B-00C04F79EFBC}") = "Unity.VisualScripting.Core", "Unity.VisualScripting.Core.csproj", "{E7D7C520-37C0-8724-E14B-E7C0CAC1ECF0}"
EndProject
Project("{FAE04EC0-301F-11D3-BF4B-00C04F79EFBC}") = "Unity.VisualScripting.Flow.Editor", "Unity.VisualScripting.Flow.Editor.csproj", "{9E157D65-9736-6ABB-2C73-78B2891CCACB}"
EndProject
Project("{FAE04EC0-301F-11D3-BF4B-00C04F79EFBC}") = "Unity.VisualStudio.Editor", "Unity.VisualStudio.Editor.csproj", "{A94A134E-6CC0-C37F-4489-3B33D9184F78}"
EndProject
Project("{FAE04EC0-301F-11D3-BF4B-00C04F79EFBC}") = "Unity.TextMeshPro.Editor", "Unity.TextMeshPro.Editor.csproj", "{D9D9B648-A03F-114B-6AD3-4F2A9AD95FBE}"
EndProject
Project("{FAE04EC0-301F-11D3-BF4B-00C04F79EFBC}") = "Unity.TestTools.CodeCoverage.Editor.OpenCover.Model", "Unity.TestTools.CodeCoverage.Editor.OpenCover.Model.csproj", "{1287E5A5-6E31-150F-C0CD-683CF5ED3875}"
EndProject
Project("{FAE04EC0-301F-11D3-BF4B-00C04F79EFBC}") = "Unity.Rider.Editor", "Unity.Rider.Editor.csproj", "{86BF6E64-F347-1A57-15E0-F15583E3EFDA}"
EndProject
Project("{FAE04EC0-301F-11D3-BF4B-00C04F79EFBC}") = "Unity.CollabProxy.Editor", "Unity.CollabProxy.Editor.csproj", "{1A7E0EEA-7393-681D-A07A-71371702ED75}"
EndProject
Project("{FAE04EC0-301F-11D3-BF4B-00C04F79EFBC}") = "Unity.VisualScripting.State.Editor", "Unity.VisualScripting.State.Editor.csproj", "{D346FBD5-5E4C-3DB1-1289-271E0D2BC1BA}"
EndProject
Project("{FAE04EC0-301F-11D3-BF4B-00C04F79EFBC}") = "Unity.TestTools.CodeCoverage.Editor", "Unity.TestTools.CodeCoverage.Editor.csproj", "{B8A46EDC-5E79-3BBE-5B74-912C812CCBD2}"
EndProject
Project("{FAE04EC0-301F-11D3-BF4B-00C04F79EFBC}") = "Unity.VisualScripting.State", "Unity.VisualScripting.State.csproj", "{380E3F1F-213E-B1AA-98B8-6CD6A5D0853A}"
EndProject
Project("{FAE04EC0-301F-11D3-BF4B-00C04F79EFBC}") = "Unity.Performance.Profile-Analyzer.Editor", "Unity.Performance.Profile-Analyzer.Editor.csproj", "{3989A26C-F399-1939-E903-D9FF827FF121}"
EndProject
Project("{FAE04EC0-301F-11D3-BF4B-00C04F79EFBC}") = "UnityEditor.UI", "UnityEditor.UI.csproj", "{1CA65F78-6489-9F47-1569-9218D50B3C99}"
EndProject
Project("{FAE04EC0-301F-11D3-BF4B-00C04F79EFBC}") = "Assembly-CSharp", "Assembly-CSharp.csproj", "{67B1FCA1-6621-282B-858B-87AE192BEA17}"
EndProject
Project("{FAE04EC0-301F-11D3-BF4B-00C04F79EFBC}") = "Unity.TextMeshPro", "Unity.TextMeshPro.csproj", "{D0551015-7FFA-F21B-D7D1-FA082AEE1FDB}"
EndProject
Project("{FAE04EC0-301F-11D3-BF4B-00C04F79EFBC}") = "Unity.VisualScripting.SettingsProvider.Editor", "Unity.VisualScripting.SettingsProvider.Editor.csproj", "{AA62578F-8493-D00B-F41A-18A39E0D1693}"
EndProject
Project("{FAE04EC0-301F-11D3-BF4B-00C04F79EFBC}") = "Unity.TestTools.CodeCoverage.Editor.OpenCover.Mono.Reflection", "Unity.TestTools.CodeCoverage.Editor.OpenCover.Mono.Reflection.csproj", "{1418537B-1ECE-FBFA-C99B-32D4BFF97DE8}"
EndProject
Project("{FAE04EC0-301F-11D3-BF4B-00C04F79EFBC}") = "Unity.Settings.Editor", "Unity.Settings.Editor.csproj", "{8E98B4D0-8303-12A3-1CB5-7725552B107F}"
EndProject
Project("{FAE04EC0-301F-11D3-BF4B-00C04F79EFBC}") = "Unity.InputSystem.DocCodeSamples", "Unity.InputSystem.DocCodeSamples.csproj", "{22BF97DB-4E94-1058-1316-10A70A3F44C9}"
EndProject
Project("{FAE04EC0-301F-11D3-BF4B-00C04F79EFBC}") = "Unity.Multiplayer.Center.Common", "Unity.Multiplayer.Center.Common.csproj", "{F29E6A2B-817A-B19A-793F-66D469F96B03}"
EndProject
Project("{FAE04EC0-301F-11D3-BF4B-00C04F79EFBC}") = "Unity.InputSystem.ForUI", "Unity.InputSystem.ForUI.csproj", "{60A3174B-7F64-7010-5C27-1B7F1D19549B}"
EndProject
Project("{FAE04EC0-301F-11D3-BF4B-00C04F79EFBC}") = "Unity.InputSystem.TestFramework", "Unity.InputSystem.TestFramework.csproj", "{4A86E93A-CBFD-87FE-76C3-861914948A20}"
EndProject
Project("{FAE04EC0-301F-11D3-BF4B-00C04F79EFBC}") = "Unity.VisualScripting.Shared.Editor", "Unity.VisualScripting.Shared.Editor.csproj", "{34FB8E23-6D2C-498A-8288-9B9E560CB62A}"
EndProject
Project("{FAE04EC0-301F-11D3-BF4B-00C04F79EFBC}") = "Unity.EditorCoroutines.Editor", "Unity.EditorCoroutines.Editor.csproj", "{90D0E884-636D-76C3-E241-62E995B53C89}"
EndProject
Project("{FAE04EC0-301F-11D3-BF4B-00C04F79EFBC}") = "Unity.Timeline", "Unity.Timeline.Player.csproj", "{A7A955E3-80B5-F7F9-D714-48A6B293CF73}"
EndProject
Project("{FAE04EC0-301F-11D3-BF4B-00C04F79EFBC}") = "Unity.InputSystem", "Unity.InputSystem.Player.csproj", "{F99FEA94-B96D-9067-F78F-E6B197BC1EC3}"
EndProject
Project("{FAE04EC0-301F-11D3-BF4B-00C04F79EFBC}") = "Unity.VisualScripting.Flow", "Unity.VisualScripting.Flow.Player.csproj", "{003ADFBA-8233-8DE6-24D6-603B7327FB1D}"
EndProject
Project("{FAE04EC0-301F-11D3-BF4B-00C04F79EFBC}") = "UnityEngine.UI", "UnityEngine.UI.Player.csproj", "{6F1A96DD-BC33-608A-A9C2-24BCC5D56D06}"
EndProject
Project("{FAE04EC0-301F-11D3-BF4B-00C04F79EFBC}") = "UnityEngine.TestRunner", "UnityEngine.TestRunner.Player.csproj", "{6166036E-6016-1B61-6F1C-D12D9AA3C026}"
EndProject
Project("{FAE04EC0-301F-11D3-BF4B-00C04F79EFBC}") = "Unity.VisualScripting.Core", "Unity.VisualScripting.Core.Player.csproj", "{011B7A31-B1F8-1A92-1AA3-08DCC27C9695}"
EndProject
Project("{FAE04EC0-301F-11D3-BF4B-00C04F79EFBC}") = "Unity.VisualScripting.State", "Unity.VisualScripting.State.Player.csproj", "{D7B7860A-FFAF-B322-40F2-AC5A332D9FA7}"
EndProject
Project("{FAE04EC0-301F-11D3-BF4B-00C04F79EFBC}") = "Assembly-CSharp", "Assembly-CSharp.Player.csproj", "{19E62300-AFAB-BB55-073B-0E4DA21B2DCB}"
EndProject
Project("{FAE04EC0-301F-11D3-BF4B-00C04F79EFBC}") = "Unity.TextMeshPro", "Unity.TextMeshPro.Player.csproj", "{029B15AD-3D39-74EA-666C-C6409A737D6B}"
EndProject
Project("{FAE04EC0-301F-11D3-BF4B-00C04F79EFBC}") = "Unity.Multiplayer.Center.Common", "Unity.Multiplayer.Center.Common.Player.csproj", "{1E551C90-2B55-0650-362E-FC19B24C07D4}"
EndProject
Project("{FAE04EC0-301F-11D3-BF4B-00C04F79EFBC}") = "Unity.InputSystem.ForUI", "Unity.InputSystem.ForUI.Player.csproj", "{CC900DFB-E962-2271-1C07-E82C45B82A01}"
EndProject
Project("{FAE04EC0-301F-11D3-BF4B-00C04F79EFBC}") = "Unity.InputSystem.TestFramework", "Unity.InputSystem.TestFramework.Player.csproj", "{829EAE1B-65F8-870F-BCC1-7758E99BD9A1}"
EndProject
Global
	GlobalSection(SolutionConfigurationPlatforms) = preSolution
		Debug|Any CPU = Debug|Any CPU
		Release|Any CPU = Release|Any CPU
	EndGlobalSection
	GlobalSection(ProjectConfigurationPlatforms) = postSolution
		{EA205400-8DE7-F455-A205-FA0FA4CAD8B0}.Debug|Any CPU.ActiveCfg = Debug|Any CPU
		{EA205400-8DE7-F455-A205-FA0FA4CAD8B0}.Debug|Any CPU.Build.0 = Debug|Any CPU
		{EA205400-8DE7-F455-A205-FA0FA4CAD8B0}.Release|Any CPU.ActiveCfg = Release|Any CPU
		{EA205400-8DE7-F455-A205-FA0FA4CAD8B0}.Release|Any CPU.Build.0 = Release|Any CPU
		{83F6322B-F0CC-4A4B-7455-95497B94E04D}.Debug|Any CPU.ActiveCfg = Debug|Any CPU
		{83F6322B-F0CC-4A4B-7455-95497B94E04D}.Debug|Any CPU.Build.0 = Debug|Any CPU
		{83F6322B-F0CC-4A4B-7455-95497B94E04D}.Release|Any CPU.ActiveCfg = Release|Any CPU
		{83F6322B-F0CC-4A4B-7455-95497B94E04D}.Release|Any CPU.Build.0 = Release|Any CPU
		{909ACE87-2CA7-7AED-3DB7-B25ACB364FF4}.Debug|Any CPU.ActiveCfg = Debug|Any CPU
		{909ACE87-2CA7-7AED-3DB7-B25ACB364FF4}.Debug|Any CPU.Build.0 = Debug|Any CPU
		{909ACE87-2CA7-7AED-3DB7-B25ACB364FF4}.Release|Any CPU.ActiveCfg = Release|Any CPU
		{909ACE87-2CA7-7AED-3DB7-B25ACB364FF4}.Release|Any CPU.Build.0 = Release|Any CPU
		{DF224356-B1A2-A1F3-4DD8-618B4FB07162}.Debug|Any CPU.ActiveCfg = Debug|Any CPU
		{DF224356-B1A2-A1F3-4DD8-618B4FB07162}.Debug|Any CPU.Build.0 = Debug|Any CPU
		{DF224356-B1A2-A1F3-4DD8-618B4FB07162}.Release|Any CPU.ActiveCfg = Release|Any CPU
		{DF224356-B1A2-A1F3-4DD8-618B4FB07162}.Release|Any CPU.Build.0 = Release|Any CPU
		{B1198CD5-08CD-CA5D-1038-BACAE3932ED4}.Debug|Any CPU.ActiveCfg = Debug|Any CPU
		{B1198CD5-08CD-CA5D-1038-BACAE3932ED4}.Debug|Any CPU.Build.0 = Debug|Any CPU
		{B1198CD5-08CD-CA5D-1038-BACAE3932ED4}.Release|Any CPU.ActiveCfg = Release|Any CPU
		{B1198CD5-08CD-CA5D-1038-BACAE3932ED4}.Release|Any CPU.Build.0 = Release|Any CPU
		{ECC6864D-E7A1-5CEE-A0F7-393B39ADE25A}.Debug|Any CPU.ActiveCfg = Debug|Any CPU
		{ECC6864D-E7A1-5CEE-A0F7-393B39ADE25A}.Debug|Any CPU.Build.0 = Debug|Any CPU
		{ECC6864D-E7A1-5CEE-A0F7-393B39ADE25A}.Release|Any CPU.ActiveCfg = Release|Any CPU
		{ECC6864D-E7A1-5CEE-A0F7-393B39ADE25A}.Release|Any CPU.Build.0 = Release|Any CPU
		{33A75FCC-F2CC-D0CC-1E63-17EF73FEFC50}.Debug|Any CPU.ActiveCfg = Debug|Any CPU
		{33A75FCC-F2CC-D0CC-1E63-17EF73FEFC50}.Debug|Any CPU.Build.0 = Debug|Any CPU
		{33A75FCC-F2CC-D0CC-1E63-17EF73FEFC50}.Release|Any CPU.ActiveCfg = Release|Any CPU
		{33A75FCC-F2CC-D0CC-1E63-17EF73FEFC50}.Release|Any CPU.Build.0 = Release|Any CPU
		{171CE8FC-9F77-7C8F-271A-833E561766D4}.Debug|Any CPU.ActiveCfg = Debug|Any CPU
		{171CE8FC-9F77-7C8F-271A-833E561766D4}.Debug|Any CPU.Build.0 = Debug|Any CPU
		{171CE8FC-9F77-7C8F-271A-833E561766D4}.Release|Any CPU.ActiveCfg = Release|Any CPU
		{171CE8FC-9F77-7C8F-271A-833E561766D4}.Release|Any CPU.Build.0 = Release|Any CPU
		{3B7A1FCF-B7A0-4D24-0A7E-779FD0D00EEC}.Debug|Any CPU.ActiveCfg = Debug|Any CPU
		{3B7A1FCF-B7A0-4D24-0A7E-779FD0D00EEC}.Debug|Any CPU.Build.0 = Debug|Any CPU
		{3B7A1FCF-B7A0-4D24-0A7E-779FD0D00EEC}.Release|Any CPU.ActiveCfg = Release|Any CPU
		{3B7A1FCF-B7A0-4D24-0A7E-779FD0D00EEC}.Release|Any CPU.Build.0 = Release|Any CPU
		{A69944F1-1B5F-CCF2-2777-85D8A09F8310}.Debug|Any CPU.ActiveCfg = Debug|Any CPU
		{A69944F1-1B5F-CCF2-2777-85D8A09F8310}.Debug|Any CPU.Build.0 = Debug|Any CPU
		{A69944F1-1B5F-CCF2-2777-85D8A09F8310}.Release|Any CPU.ActiveCfg = Release|Any CPU
		{A69944F1-1B5F-CCF2-2777-85D8A09F8310}.Release|Any CPU.Build.0 = Release|Any CPU
		{E7D7C520-37C0-8724-E14B-E7C0CAC1ECF0}.Debug|Any CPU.ActiveCfg = Debug|Any CPU
		{E7D7C520-37C0-8724-E14B-E7C0CAC1ECF0}.Debug|Any CPU.Build.0 = Debug|Any CPU
		{E7D7C520-37C0-8724-E14B-E7C0CAC1ECF0}.Release|Any CPU.ActiveCfg = Release|Any CPU
		{E7D7C520-37C0-8724-E14B-E7C0CAC1ECF0}.Release|Any CPU.Build.0 = Release|Any CPU
		{9E157D65-9736-6ABB-2C73-78B2891CCACB}.Debug|Any CPU.ActiveCfg = Debug|Any CPU
		{9E157D65-9736-6ABB-2C73-78B2891CCACB}.Debug|Any CPU.Build.0 = Debug|Any CPU
		{9E157D65-9736-6ABB-2C73-78B2891CCACB}.Release|Any CPU.ActiveCfg = Release|Any CPU
		{9E157D65-9736-6ABB-2C73-78B2891CCACB}.Release|Any CPU.Build.0 = Release|Any CPU
		{A94A134E-6CC0-C37F-4489-3B33D9184F78}.Debug|Any CPU.ActiveCfg = Debug|Any CPU
		{A94A134E-6CC0-C37F-4489-3B33D9184F78}.Debug|Any CPU.Build.0 = Debug|Any CPU
		{A94A134E-6CC0-C37F-4489-3B33D9184F78}.Release|Any CPU.ActiveCfg = Release|Any CPU
		{A94A134E-6CC0-C37F-4489-3B33D9184F78}.Release|Any CPU.Build.0 = Release|Any CPU
		{D9D9B648-A03F-114B-6AD3-4F2A9AD95FBE}.Debug|Any CPU.ActiveCfg = Debug|Any CPU
		{D9D9B648-A03F-114B-6AD3-4F2A9AD95FBE}.Debug|Any CPU.Build.0 = Debug|Any CPU
		{D9D9B648-A03F-114B-6AD3-4F2A9AD95FBE}.Release|Any CPU.ActiveCfg = Release|Any CPU
		{D9D9B648-A03F-114B-6AD3-4F2A9AD95FBE}.Release|Any CPU.Build.0 = Release|Any CPU
		{1287E5A5-6E31-150F-C0CD-683CF5ED3875}.Debug|Any CPU.ActiveCfg = Debug|Any CPU
		{1287E5A5-6E31-150F-C0CD-683CF5ED3875}.Debug|Any CPU.Build.0 = Debug|Any CPU
		{1287E5A5-6E31-150F-C0CD-683CF5ED3875}.Release|Any CPU.ActiveCfg = Release|Any CPU
		{1287E5A5-6E31-150F-C0CD-683CF5ED3875}.Release|Any CPU.Build.0 = Release|Any CPU
		{86BF6E64-F347-1A57-15E0-F15583E3EFDA}.Debug|Any CPU.ActiveCfg = Debug|Any CPU
		{86BF6E64-F347-1A57-15E0-F15583E3EFDA}.Debug|Any CPU.Build.0 = Debug|Any CPU
		{86BF6E64-F347-1A57-15E0-F15583E3EFDA}.Release|Any CPU.ActiveCfg = Release|Any CPU
		{86BF6E64-F347-1A57-15E0-F15583E3EFDA}.Release|Any CPU.Build.0 = Release|Any CPU
		{1A7E0EEA-7393-681D-A07A-71371702ED75}.Debug|Any CPU.ActiveCfg = Debug|Any CPU
		{1A7E0EEA-7393-681D-A07A-71371702ED75}.Debug|Any CPU.Build.0 = Debug|Any CPU
		{1A7E0EEA-7393-681D-A07A-71371702ED75}.Release|Any CPU.ActiveCfg = Release|Any CPU
		{1A7E0EEA-7393-681D-A07A-71371702ED75}.Release|Any CPU.Build.0 = Release|Any CPU
		{D346FBD5-5E4C-3DB1-1289-271E0D2BC1BA}.Debug|Any CPU.ActiveCfg = Debug|Any CPU
		{D346FBD5-5E4C-3DB1-1289-271E0D2BC1BA}.Debug|Any CPU.Build.0 = Debug|Any CPU
		{D346FBD5-5E4C-3DB1-1289-271E0D2BC1BA}.Release|Any CPU.ActiveCfg = Release|Any CPU
		{D346FBD5-5E4C-3DB1-1289-271E0D2BC1BA}.Release|Any CPU.Build.0 = Release|Any CPU
		{B8A46EDC-5E79-3BBE-5B74-912C812CCBD2}.Debug|Any CPU.ActiveCfg = Debug|Any CPU
		{B8A46EDC-5E79-3BBE-5B74-912C812CCBD2}.Debug|Any CPU.Build.0 = Debug|Any CPU
		{B8A46EDC-5E79-3BBE-5B74-912C812CCBD2}.Release|Any CPU.ActiveCfg = Release|Any CPU
		{B8A46EDC-5E79-3BBE-5B74-912C812CCBD2}.Release|Any CPU.Build.0 = Release|Any CPU
		{380E3F1F-213E-B1AA-98B8-6CD6A5D0853A}.Debug|Any CPU.ActiveCfg = Debug|Any CPU
		{380E3F1F-213E-B1AA-98B8-6CD6A5D0853A}.Debug|Any CPU.Build.0 = Debug|Any CPU
		{380E3F1F-213E-B1AA-98B8-6CD6A5D0853A}.Release|Any CPU.ActiveCfg = Release|Any CPU
		{380E3F1F-213E-B1AA-98B8-6CD6A5D0853A}.Release|Any CPU.Build.0 = Release|Any CPU
		{3989A26C-F399-1939-E903-D9FF827FF121}.Debug|Any CPU.ActiveCfg = Debug|Any CPU
		{3989A26C-F399-1939-E903-D9FF827FF121}.Debug|Any CPU.Build.0 = Debug|Any CPU
		{3989A26C-F399-1939-E903-D9FF827FF121}.Release|Any CPU.ActiveCfg = Release|Any CPU
		{3989A26C-F399-1939-E903-D9FF827FF121}.Release|Any CPU.Build.0 = Release|Any CPU
		{1CA65F78-6489-9F47-1569-9218D50B3C99}.Debug|Any CPU.ActiveCfg = Debug|Any CPU
		{1CA65F78-6489-9F47-1569-9218D50B3C99}.Debug|Any CPU.Build.0 = Debug|Any CPU
		{1CA65F78-6489-9F47-1569-9218D50B3C99}.Release|Any CPU.ActiveCfg = Release|Any CPU
		{1CA65F78-6489-9F47-1569-9218D50B3C99}.Release|Any CPU.Build.0 = Release|Any CPU
		{67B1FCA1-6621-282B-858B-87AE192BEA17}.Debug|Any CPU.ActiveCfg = Debug|Any CPU
		{67B1FCA1-6621-282B-858B-87AE192BEA17}.Debug|Any CPU.Build.0 = Debug|Any CPU
		{67B1FCA1-6621-282B-858B-87AE192BEA17}.Release|Any CPU.ActiveCfg = Release|Any CPU
		{67B1FCA1-6621-282B-858B-87AE192BEA17}.Release|Any CPU.Build.0 = Release|Any CPU
		{D0551015-7FFA-F21B-D7D1-FA082AEE1FDB}.Debug|Any CPU.ActiveCfg = Debug|Any CPU
		{D0551015-7FFA-F21B-D7D1-FA082AEE1FDB}.Debug|Any CPU.Build.0 = Debug|Any CPU
		{D0551015-7FFA-F21B-D7D1-FA082AEE1FDB}.Release|Any CPU.ActiveCfg = Release|Any CPU
		{D0551015-7FFA-F21B-D7D1-FA082AEE1FDB}.Release|Any CPU.Build.0 = Release|Any CPU
		{AA62578F-8493-D00B-F41A-18A39E0D1693}.Debug|Any CPU.ActiveCfg = Debug|Any CPU
		{AA62578F-8493-D00B-F41A-18A39E0D1693}.Debug|Any CPU.Build.0 = Debug|Any CPU
		{AA62578F-8493-D00B-F41A-18A39E0D1693}.Release|Any CPU.ActiveCfg = Release|Any CPU
		{AA62578F-8493-D00B-F41A-18A39E0D1693}.Release|Any CPU.Build.0 = Release|Any CPU
		{1418537B-1ECE-FBFA-C99B-32D4BFF97DE8}.Debug|Any CPU.ActiveCfg = Debug|Any CPU
		{1418537B-1ECE-FBFA-C99B-32D4BFF97DE8}.Debug|Any CPU.Build.0 = Debug|Any CPU
		{1418537B-1ECE-FBFA-C99B-32D4BFF97DE8}.Release|Any CPU.ActiveCfg = Release|Any CPU
		{1418537B-1ECE-FBFA-C99B-32D4BFF97DE8}.Release|Any CPU.Build.0 = Release|Any CPU
		{8E98B4D0-8303-12A3-1CB5-7725552B107F}.Debug|Any CPU.ActiveCfg = Debug|Any CPU
		{8E98B4D0-8303-12A3-1CB5-7725552B107F}.Debug|Any CPU.Build.0 = Debug|Any CPU
		{8E98B4D0-8303-12A3-1CB5-7725552B107F}.Release|Any CPU.ActiveCfg = Release|Any CPU
		{8E98B4D0-8303-12A3-1CB5-7725552B107F}.Release|Any CPU.Build.0 = Release|Any CPU
		{22BF97DB-4E94-1058-1316-10A70A3F44C9}.Debug|Any CPU.ActiveCfg = Debug|Any CPU
		{22BF97DB-4E94-1058-1316-10A70A3F44C9}.Debug|Any CPU.Build.0 = Debug|Any CPU
		{22BF97DB-4E94-1058-1316-10A70A3F44C9}.Release|Any CPU.ActiveCfg = Release|Any CPU
		{22BF97DB-4E94-1058-1316-10A70A3F44C9}.Release|Any CPU.Build.0 = Release|Any CPU
		{F29E6A2B-817A-B19A-793F-66D469F96B03}.Debug|Any CPU.ActiveCfg = Debug|Any CPU
		{F29E6A2B-817A-B19A-793F-66D469F96B03}.Debug|Any CPU.Build.0 = Debug|Any CPU
		{F29E6A2B-817A-B19A-793F-66D469F96B03}.Release|Any CPU.ActiveCfg = Release|Any CPU
		{F29E6A2B-817A-B19A-793F-66D469F96B03}.Release|Any CPU.Build.0 = Release|Any CPU
		{60A3174B-7F64-7010-5C27-1B7F1D19549B}.Debug|Any CPU.ActiveCfg = Debug|Any CPU
		{60A3174B-7F64-7010-5C27-1B7F1D19549B}.Debug|Any CPU.Build.0 = Debug|Any CPU
		{60A3174B-7F64-7010-5C27-1B7F1D19549B}.Release|Any CPU.ActiveCfg = Release|Any CPU
		{60A3174B-7F64-7010-5C27-1B7F1D19549B}.Release|Any CPU.Build.0 = Release|Any CPU
		{4A86E93A-CBFD-87FE-76C3-861914948A20}.Debug|Any CPU.ActiveCfg = Debug|Any CPU
		{4A86E93A-CBFD-87FE-76C3-861914948A20}.Debug|Any CPU.Build.0 = Debug|Any CPU
		{4A86E93A-CBFD-87FE-76C3-861914948A20}.Release|Any CPU.ActiveCfg = Release|Any CPU
		{4A86E93A-CBFD-87FE-76C3-861914948A20}.Release|Any CPU.Build.0 = Release|Any CPU
		{34FB8E23-6D2C-498A-8288-9B9E560CB62A}.Debug|Any CPU.ActiveCfg = Debug|Any CPU
		{34FB8E23-6D2C-498A-8288-9B9E560CB62A}.Debug|Any CPU.Build.0 = Debug|Any CPU
		{34FB8E23-6D2C-498A-8288-9B9E560CB62A}.Release|Any CPU.ActiveCfg = Release|Any CPU
		{34FB8E23-6D2C-498A-8288-9B9E560CB62A}.Release|Any CPU.Build.0 = Release|Any CPU
		{90D0E884-636D-76C3-E241-62E995B53C89}.Debug|Any CPU.ActiveCfg = Debug|Any CPU
		{90D0E884-636D-76C3-E241-62E995B53C89}.Debug|Any CPU.Build.0 = Debug|Any CPU
		{90D0E884-636D-76C3-E241-62E995B53C89}.Release|Any CPU.ActiveCfg = Release|Any CPU
		{90D0E884-636D-76C3-E241-62E995B53C89}.Release|Any CPU.Build.0 = Release|Any CPU
		{A7A955E3-80B5-F7F9-D714-48A6B293CF73}.Debug|Any CPU.ActiveCfg = Debug|Any CPU
		{A7A955E3-80B5-F7F9-D714-48A6B293CF73}.Debug|Any CPU.Build.0 = Debug|Any CPU
		{A7A955E3-80B5-F7F9-D714-48A6B293CF73}.Release|Any CPU.ActiveCfg = Release|Any CPU
		{A7A955E3-80B5-F7F9-D714-48A6B293CF73}.Release|Any CPU.Build.0 = Release|Any CPU
		{F99FEA94-B96D-9067-F78F-E6B197BC1EC3}.Debug|Any CPU.ActiveCfg = Debug|Any CPU
		{F99FEA94-B96D-9067-F78F-E6B197BC1EC3}.Debug|Any CPU.Build.0 = Debug|Any CPU
		{F99FEA94-B96D-9067-F78F-E6B197BC1EC3}.Release|Any CPU.ActiveCfg = Release|Any CPU
		{F99FEA94-B96D-9067-F78F-E6B197BC1EC3}.Release|Any CPU.Build.0 = Release|Any CPU
		{003ADFBA-8233-8DE6-24D6-603B7327FB1D}.Debug|Any CPU.ActiveCfg = Debug|Any CPU
		{003ADFBA-8233-8DE6-24D6-603B7327FB1D}.Debug|Any CPU.Build.0 = Debug|Any CPU
		{003ADFBA-8233-8DE6-24D6-603B7327FB1D}.Release|Any CPU.ActiveCfg = Release|Any CPU
		{003ADFBA-8233-8DE6-24D6-603B7327FB1D}.Release|Any CPU.Build.0 = Release|Any CPU
		{6F1A96DD-BC33-608A-A9C2-24BCC5D56D06}.Debug|Any CPU.ActiveCfg = Debug|Any CPU
		{6F1A96DD-BC33-608A-A9C2-24BCC5D56D06}.Debug|Any CPU.Build.0 = Debug|Any CPU
		{6F1A96DD-BC33-608A-A9C2-24BCC5D56D06}.Release|Any CPU.ActiveCfg = Release|Any CPU
		{6F1A96DD-BC33-608A-A9C2-24BCC5D56D06}.Release|Any CPU.Build.0 = Release|Any CPU
		{6166036E-6016-1B61-6F1C-D12D9AA3C026}.Debug|Any CPU.ActiveCfg = Debug|Any CPU
		{6166036E-6016-1B61-6F1C-D12D9AA3C026}.Debug|Any CPU.Build.0 = Debug|Any CPU
		{6166036E-6016-1B61-6F1C-D12D9AA3C026}.Release|Any CPU.ActiveCfg = Release|Any CPU
		{6166036E-6016-1B61-6F1C-D12D9AA3C026}.Release|Any CPU.Build.0 = Release|Any CPU
		{011B7A31-B1F8-1A92-1AA3-08DCC27C9695}.Debug|Any CPU.ActiveCfg = Debug|Any CPU
		{011B7A31-B1F8-1A92-1AA3-08DCC27C9695}.Debug|Any CPU.Build.0 = Debug|Any CPU
		{011B7A31-B1F8-1A92-1AA3-08DCC27C9695}.Release|Any CPU.ActiveCfg = Release|Any CPU
		{011B7A31-B1F8-1A92-1AA3-08DCC27C9695}.Release|Any CPU.Build.0 = Release|Any CPU
		{D7B7860A-FFAF-B322-40F2-AC5A332D9FA7}.Debug|Any CPU.ActiveCfg = Debug|Any CPU
		{D7B7860A-FFAF-B322-40F2-AC5A332D9FA7}.Debug|Any CPU.Build.0 = Debug|Any CPU
		{D7B7860A-FFAF-B322-40F2-AC5A332D9FA7}.Release|Any CPU.ActiveCfg = Release|Any CPU
		{D7B7860A-FFAF-B322-40F2-AC5A332D9FA7}.Release|Any CPU.Build.0 = Release|Any CPU
		{19E62300-AFAB-BB55-073B-0E4DA21B2DCB}.Debug|Any CPU.ActiveCfg = Debug|Any CPU
		{19E62300-AFAB-BB55-073B-0E4DA21B2DCB}.Debug|Any CPU.Build.0 = Debug|Any CPU
		{19E62300-AFAB-BB55-073B-0E4DA21B2DCB}.Release|Any CPU.ActiveCfg = Release|Any CPU
		{19E62300-AFAB-BB55-073B-0E4DA21B2DCB}.Release|Any CPU.Build.0 = Release|Any CPU
		{029B15AD-3D39-74EA-666C-C6409A737D6B}.Debug|Any CPU.ActiveCfg = Debug|Any CPU
		{029B15AD-3D39-74EA-666C-C6409A737D6B}.Debug|Any CPU.Build.0 = Debug|Any CPU
		{029B15AD-3D39-74EA-666C-C6409A737D6B}.Release|Any CPU.ActiveCfg = Release|Any CPU
		{029B15AD-3D39-74EA-666C-C6409A737D6B}.Release|Any CPU.Build.0 = Release|Any CPU
		{1E551C90-2B55-0650-362E-FC19B24C07D4}.Debug|Any CPU.ActiveCfg = Debug|Any CPU
		{1E551C90-2B55-0650-362E-FC19B24C07D4}.Debug|Any CPU.Build.0 = Debug|Any CPU
		{1E551C90-2B55-0650-362E-FC19B24C07D4}.Release|Any CPU.ActiveCfg = Release|Any CPU
		{1E551C90-2B55-0650-362E-FC19B24C07D4}.Release|Any CPU.Build.0 = Release|Any CPU
		{CC900DFB-E962-2271-1C07-E82C45B82A01}.Debug|Any CPU.ActiveCfg = Debug|Any CPU
		{CC900DFB-E962-2271-1C07-E82C45B82A01}.Debug|Any CPU.Build.0 = Debug|Any CPU
		{CC900DFB-E962-2271-1C07-E82C45B82A01}.Release|Any CPU.ActiveCfg = Release|Any CPU
		{CC900DFB-E962-2271-1C07-E82C45B82A01}.Release|Any CPU.Build.0 = Release|Any CPU
		{829EAE1B-65F8-870F-BCC1-7758E99BD9A1}.Debug|Any CPU.ActiveCfg = Debug|Any CPU
		{829EAE1B-65F8-870F-BCC1-7758E99BD9A1}.Debug|Any CPU.Build.0 = Debug|Any CPU
		{829EAE1B-65F8-870F-BCC1-7758E99BD9A1}.Release|Any CPU.ActiveCfg = Release|Any CPU
		{829EAE1B-65F8-870F-BCC1-7758E99BD9A1}.Release|Any CPU.Build.0 = Release|Any CPU
	EndGlobalSection
	GlobalSection(SolutionProperties) = preSolution
		HideSolutionNode = FALSE
	EndGlobalSection
EndGlobal
